{
  "dependencies": {
    "tcx-js": {
      "version": "https://github.com/pierremtb/tcx-js/archive/01571a7840bb7eda05608e83437eed274686892b.tar.gz",
      "dependencies": {
        "node-expat": {
          "version": "2.3.12",
          "dependencies": {
            "bindings": {
              "version": "1.2.1"
            },
            "nan": {
              "version": "2.1.0"
            }
          }
        },
        "m26-js": {
          "version": "0.3.2"
        },
        "sb-js": {
          "version": "0.3.0",
          "dependencies": {
            "path": {
              "version": "0.11.14"
            }
          }
        }
      }
    }
  }
}
